
Microsoft Visual Studio Solution File, Format Version 12.00
# Visual Studio Version 16
VisualStudioVersion = 16.0.31410.357
MinimumVisualStudioVersion = 10.0.40219.1
Project("{9A19103F-16F7-4668-BE54-9A1E7A4F7556}") = "Hackaton.WebApi", "Hackaton.WebApi\Hackaton.WebApi.csproj", "{E7A584B4-2679-48BB-A5AD-FDDFA0379EE5}"
EndProject
Project("{E53339B2-1760-4266-BCC7-CA923CBCF16C}") = "docker-compose", "docker-compose.dcproj", "{EA1F3F99-8346-4FE4-8CE4-CCB5F5476AA7}"
EndProject
Project("{9A19103F-16F7-4668-BE54-9A1E7A4F7556}") = "Hackaton.DataAccess", "Hackaton.DataAccess\Hackaton.DataAccess.csproj", "{D8434E13-6FAC-4636-B5DB-91E0818F0928}"
EndProject
Project("{9A19103F-16F7-4668-BE54-9A1E7A4F7556}") = "Hackaton.DataSeed", "Hackaton.DataSeed\Hackaton.DataSeed.csproj", "{85FA1D47-CCBF-43DC-8E95-63B8E626768B}"
EndProject
Project("{FAE04EC0-301F-11D3-BF4B-00C04F79EFBC}") = "Hackaton.Business", "Hackaton.Business\Hackaton.Business.csproj", "{4ACFA806-F4BE-4C03-9CDD-9AC955B8D5D8}"
EndProject
Global
	GlobalSection(SolutionConfigurationPlatforms) = preSolution
		Debug|Any CPU = Debug|Any CPU
		Release|Any CPU = Release|Any CPU
	EndGlobalSection
	GlobalSection(ProjectConfigurationPlatforms) = postSolution
		{E7A584B4-2679-48BB-A5AD-FDDFA0379EE5}.Debug|Any CPU.ActiveCfg = Debug|Any CPU
		{E7A584B4-2679-48BB-A5AD-FDDFA0379EE5}.Debug|Any CPU.Build.0 = Debug|Any CPU
		{E7A584B4-2679-48BB-A5AD-FDDFA0379EE5}.Release|Any CPU.ActiveCfg = Release|Any CPU
		{E7A584B4-2679-48BB-A5AD-FDDFA0379EE5}.Release|Any CPU.Build.0 = Release|Any CPU
		{EA1F3F99-8346-4FE4-8CE4-CCB5F5476AA7}.Debug|Any CPU.ActiveCfg = Debug|Any CPU
		{EA1F3F99-8346-4FE4-8CE4-CCB5F5476AA7}.Debug|Any CPU.Build.0 = Debug|Any CPU
		{EA1F3F99-8346-4FE4-8CE4-CCB5F5476AA7}.Release|Any CPU.ActiveCfg = Release|Any CPU
		{EA1F3F99-8346-4FE4-8CE4-CCB5F5476AA7}.Release|Any CPU.Build.0 = Release|Any CPU
		{D8434E13-6FAC-4636-B5DB-91E0818F0928}.Debug|Any CPU.ActiveCfg = Debug|Any CPU
		{D8434E13-6FAC-4636-B5DB-91E0818F0928}.Debug|Any CPU.Build.0 = Debug|Any CPU
		{D8434E13-6FAC-4636-B5DB-91E0818F0928}.Release|Any CPU.ActiveCfg = Release|Any CPU
		{D8434E13-6FAC-4636-B5DB-91E0818F0928}.Release|Any CPU.Build.0 = Release|Any CPU
		{85FA1D47-CCBF-43DC-8E95-63B8E626768B}.Debug|Any CPU.ActiveCfg = Debug|Any CPU
		{85FA1D47-CCBF-43DC-8E95-63B8E626768B}.Debug|Any CPU.Build.0 = Debug|Any CPU
		{85FA1D47-CCBF-43DC-8E95-63B8E626768B}.Release|Any CPU.ActiveCfg = Release|Any CPU
		{85FA1D47-CCBF-43DC-8E95-63B8E626768B}.Release|Any CPU.Build.0 = Release|Any CPU
		{4ACFA806-F4BE-4C03-9CDD-9AC955B8D5D8}.Debug|Any CPU.ActiveCfg = Debug|Any CPU
		{4ACFA806-F4BE-4C03-9CDD-9AC955B8D5D8}.Debug|Any CPU.Build.0 = Debug|Any CPU
		{4ACFA806-F4BE-4C03-9CDD-9AC955B8D5D8}.Release|Any CPU.ActiveCfg = Release|Any CPU
		{4ACFA806-F4BE-4C03-9CDD-9AC955B8D5D8}.Release|Any CPU.Build.0 = Release|Any CPU
	EndGlobalSection
	GlobalSection(SolutionProperties) = preSolution
		HideSolutionNode = FALSE
	EndGlobalSection
	GlobalSection(ExtensibilityGlobals) = postSolution
		SolutionGuid = {FCD73245-9497-46EA-8648-AF3AF7D610A3}
	EndGlobalSection
EndGlobal
